
Microsoft Visual Studio Solution File, Format Version 12.00
# Visual Studio Version 17
VisualStudioVersion = 17.3.32825.248
MinimumVisualStudioVersion = 10.0.40219.1
Project("{FAE04EC0-301F-11D3-BF4B-00C04F79EFBC}") = "Task1", "Task1\Task1.csproj", "{E43E4704-D5D9-4E8E-B5A1-F43E62F32BD7}"
EndProject
Project("{FAE04EC0-301F-11D3-BF4B-00C04F79EFBC}") = "Task2", "Task2\Task2.csproj", "{B8CC38AB-F2CB-4B94-A0B6-9A9A86280947}"
EndProject
Project("{FAE04EC0-301F-11D3-BF4B-00C04F79EFBC}") = "Task3", "Task3\Task3.csproj", "{E1407BCF-B450-4B48-BA91-2E0A4297FE1A}"
EndProject
Project("{FAE04EC0-301F-11D3-BF4B-00C04F79EFBC}") = "Task4", "Task4\Task4.csproj", "{98F928AE-51AD-4880-A202-919A93A41E10}"
EndProject
Global
	GlobalSection(SolutionConfigurationPlatforms) = preSolution
		Debug|Any CPU = Debug|Any CPU
		Release|Any CPU = Release|Any CPU
	EndGlobalSection
	GlobalSection(ProjectConfigurationPlatforms) = postSolution
		{E43E4704-D5D9-4E8E-B5A1-F43E62F32BD7}.Debug|Any CPU.ActiveCfg = Debug|Any CPU
		{E43E4704-D5D9-4E8E-B5A1-F43E62F32BD7}.Debug|Any CPU.Build.0 = Debug|Any CPU
		{E43E4704-D5D9-4E8E-B5A1-F43E62F32BD7}.Release|Any CPU.ActiveCfg = Release|Any CPU
		{E43E4704-D5D9-4E8E-B5A1-F43E62F32BD7}.Release|Any CPU.Build.0 = Release|Any CPU
		{B8CC38AB-F2CB-4B94-A0B6-9A9A86280947}.Debug|Any CPU.ActiveCfg = Debug|Any CPU
		{B8CC38AB-F2CB-4B94-A0B6-9A9A86280947}.Debug|Any CPU.Build.0 = Debug|Any CPU
		{B8CC38AB-F2CB-4B94-A0B6-9A9A86280947}.Release|Any CPU.ActiveCfg = Release|Any CPU
		{B8CC38AB-F2CB-4B94-A0B6-9A9A86280947}.Release|Any CPU.Build.0 = Release|Any CPU
		{E1407BCF-B450-4B48-BA91-2E0A4297FE1A}.Debug|Any CPU.ActiveCfg = Debug|Any CPU
		{E1407BCF-B450-4B48-BA91-2E0A4297FE1A}.Debug|Any CPU.Build.0 = Debug|Any CPU
		{E1407BCF-B450-4B48-BA91-2E0A4297FE1A}.Release|Any CPU.ActiveCfg = Release|Any CPU
		{E1407BCF-B450-4B48-BA91-2E0A4297FE1A}.Release|Any CPU.Build.0 = Release|Any CPU
		{98F928AE-51AD-4880-A202-919A93A41E10}.Debug|Any CPU.ActiveCfg = Debug|Any CPU
		{98F928AE-51AD-4880-A202-919A93A41E10}.Debug|Any CPU.Build.0 = Debug|Any CPU
		{98F928AE-51AD-4880-A202-919A93A41E10}.Release|Any CPU.ActiveCfg = Release|Any CPU
		{98F928AE-51AD-4880-A202-919A93A41E10}.Release|Any CPU.Build.0 = Release|Any CPU
	EndGlobalSection
	GlobalSection(SolutionProperties) = preSolution
		HideSolutionNode = FALSE
	EndGlobalSection
	GlobalSection(ExtensibilityGlobals) = postSolution
		SolutionGuid = {386F4C7D-6B50-40B4-87E6-1F0F86053BE1}
	EndGlobalSection
EndGlobal
